{
  "name": "dbmigrations",
  "lockfileVersion": 3,
  "requires": true,
  "packages": {
    "": {
      "dependencies": {
        "dbmate": "^2.20.0"
      }
    },
    "node_modules/@dbmate/darwin-arm64": {
      "version": "2.20.0",
      "resolved": "https://registry.npmjs.org/@dbmate/darwin-arm64/-/darwin-arm64-2.20.0.tgz",
      "integrity": "sha512-ugmXfb2Zm2Rry4WxZjk1dCIuOEyrQUp0cEHnSrs8uVyl7JdMxbhBJOoc/DD+eQZp3i8LB9CHpm7oI4wYLePzPw==",
      "cpu": [
        "arm64"
      ],
      "license": "MIT",
      "optional": true,
      "os": [
        "darwin"
      ]
    },
    "node_modules/@dbmate/darwin-x64": {
      "version": "2.20.0",
      "resolved": "https://registry.npmjs.org/@dbmate/darwin-x64/-/darwin-x64-2.20.0.tgz",
      "integrity": "sha512-ln618XSJsvKlz1L0jcHEUf+HQ1xWUPsnYi/mQY0YoqDyoP3qwiZleHHi8+2eMX1xOrXvvbjfJ5yYNjAY8saPKA==",
      "cpu": [
        "x64"
      ],
      "license": "MIT",
      "optional": true,
      "os": [
        "darwin"
      ]
    },
    "node_modules/@dbmate/linux-arm": {
      "version": "2.20.0",
      "resolved": "https://registry.npmjs.org/@dbmate/linux-arm/-/linux-arm-2.20.0.tgz",
      "integrity": "sha512-pRwjbplfZN8aSoWCsUBV1Drslfd+alexx2buu6BjK0H7IrqF98QYa4ZdJrQed0SC8035Fg929BBSZ+d2Wvap2A==",
      "cpu": [
        "arm"
      ],
      "license": "MIT",
      "optional": true,
      "os": [
        "linux"
      ]
    },
    "node_modules/@dbmate/linux-arm64": {
      "version": "2.20.0",
      "resolved": "https://registry.npmjs.org/@dbmate/linux-arm64/-/linux-arm64-2.20.0.tgz",
      "integrity": "sha512-MkdjeumEQqDYXwtRICLowXw305FatAdwJe97T/UwS7hwo00Ba4f1novRlGrFywM+/X27G7DIaZrqHVg6B17xdQ==",
      "cpu": [
        "arm64"
      ],
      "license": "MIT",
      "optional": true,
      "os": [
        "linux"
      ]
    },
    "node_modules/@dbmate/linux-ia32": {
      "version": "2.20.0",
      "resolved": "https://registry.npmjs.org/@dbmate/linux-ia32/-/linux-ia32-2.20.0.tgz",
      "integrity": "sha512-oEP2km0AV/BfVAfH/4ZztT3SU+V59XY4bcZ6FU4t4/Fe6fVEymFHtVVluCs40Rko0lLDqCW3QUy4J+fgwcp1hA==",
      "cpu": [
        "ia32"
      ],
      "license": "MIT",
      "optional": true,
      "os": [
        "linux"
      ]
    },
    "node_modules/@dbmate/linux-x64": {
      "version": "2.20.0",
      "resolved": "https://registry.npmjs.org/@dbmate/linux-x64/-/linux-x64-2.20.0.tgz",
      "integrity": "sha512-JJMcnvyBMDUKHEL654OLdyUWP1af7F38jK/IHopnEPy5iXu0484WqJ9l6rtwytSCIQfD5S2PkuxeIYpOxfPd1Q==",
      "cpu": [
        "x64"
      ],
      "license": "MIT",
      "optional": true,
      "os": [
        "linux"
      ]
    },
    "node_modules/@dbmate/win32-x64": {
      "version": "2.20.0",
      "resolved": "https://registry.npmjs.org/@dbmate/win32-x64/-/win32-x64-2.20.0.tgz",
      "integrity": "sha512-DxdO9wFSpJqA9u4BtjZ43F7ppHGbkZOtFI0gzOa2MQMiItoXHm9i9B6ECsmKRzP9Xa5XuJxql80+kY3U1X5aqQ==",
      "cpu": [
        "x64"
      ],
      "license": "MIT",
      "optional": true,
      "os": [
        "win32"
      ]
    },
    "node_modules/dbmate": {
      "version": "2.20.0",
      "resolved": "https://registry.npmjs.org/dbmate/-/dbmate-2.20.0.tgz",
      "integrity": "sha512-T1tuUXJB9tV5A/poldsSQeMqGgKXOjSdBxUMkB94jRYmuv6D3edf1SdCP6AQrpsmRz2R7yatnzX7RWMMuEfwMQ==",
      "license": "MIT",
      "bin": {
        "dbmate": "dist/cli.js"
      },
      "optionalDependencies": {
        "@dbmate/darwin-arm64": "2.20.0",
        "@dbmate/darwin-x64": "2.20.0",
        "@dbmate/linux-arm": "2.20.0",
        "@dbmate/linux-arm64": "2.20.0",
        "@dbmate/linux-ia32": "2.20.0",
        "@dbmate/linux-x64": "2.20.0",
        "@dbmate/win32-x64": "2.20.0"
      }
    }
  }
}
